
Microsoft Visual Studio Solution File, Format Version 12.00
# Visual Studio 15
VisualStudioVersion = 15.0.28010.2036
MinimumVisualStudioVersion = 10.0.40219.1
Project("{FAE04EC0-301F-11D3-BF4B-00C04F79EFBC}") = "Telefon-Uygulama-AdapterDesignPattern", "Phone-App-AdapterDesignPattern\Telefon-Uygulama-AdapterDesignPattern.csproj", "{8A78874D-8BDA-48C6-A4FE-37D07C753605}"
EndProject
Global
	GlobalSection(SolutionConfigurationPlatforms) = preSolution
		Debug|Any CPU = Debug|Any CPU
		Release|Any CPU = Release|Any CPU
	EndGlobalSection
	GlobalSection(ProjectConfigurationPlatforms) = postSolution
		{8A78874D-8BDA-48C6-A4FE-37D07C753605}.Debug|Any CPU.ActiveCfg = Debug|Any CPU
		{8A78874D-8BDA-48C6-A4FE-37D07C753605}.Debug|Any CPU.Build.0 = Debug|Any CPU
		{8A78874D-8BDA-48C6-A4FE-37D07C753605}.Release|Any CPU.ActiveCfg = Release|Any CPU
		{8A78874D-8BDA-48C6-A4FE-37D07C753605}.Release|Any CPU.Build.0 = Release|Any CPU
	EndGlobalSection
	GlobalSection(SolutionProperties) = preSolution
		HideSolutionNode = FALSE
	EndGlobalSection
	GlobalSection(ExtensibilityGlobals) = postSolution
		SolutionGuid = {1BEAB77E-321E-4801-9E22-C1EF5F14E57E}
	EndGlobalSection
EndGlobal
